[[package]]
name = "flake8"
version = "3.9.2"
description = "the modular source code checker: pep8 pyflakes and co"
category = "dev"
optional = false
python-versions = "!=3.0.*,!=3.1.*,!=3.2.*,!=3.3.*,!=3.4.*,>=2.7"

[package.dependencies]
mccabe = ">=0.6.0,<0.7.0"
pycodestyle = ">=2.7.0,<2.8.0"
pyflakes = ">=2.3.0,<2.4.0"

[[package]]
name = "isort"
version = "5.9.3"
description = "A Python utility / library to sort Python imports."
category = "dev"
optional = false
python-versions = ">=3.6.1,<4.0"

[package.extras]
pipfile_deprecated_finder = ["pipreqs", "requirementslib"]
requirements_deprecated_finder = ["pipreqs", "pip-api"]
colors = ["colorama (>=0.4.3,<0.5.0)"]
plugins = ["setuptools"]

[[package]]
name = "jedi"
version = "0.18.0"
description = "An autocompletion tool for Python that can be used for text editors."
category = "dev"
optional = false
python-versions = ">=3.6"

[package.dependencies]
parso = ">=0.8.0,<0.9.0"

[package.extras]
qa = ["flake8 (==3.8.3)", "mypy (==0.782)"]
testing = ["Django (<3.1)", "colorama", "docopt", "pytest (<6.0.0)"]

[[package]]
name = "mccabe"
version = "0.6.1"
description = "McCabe checker, plugin for flake8"
category = "dev"
optional = false
python-versions = "*"

[[package]]
name = "parso"
version = "0.8.2"
description = "A Python Parser"
category = "dev"
optional = false
python-versions = ">=3.6"

[package.extras]
qa = ["flake8 (==3.8.3)", "mypy (==0.782)"]
testing = ["docopt", "pytest (<6.0.0)"]

[[package]]
name = "pluggy"
version = "1.0.0"
description = "plugin and hook calling mechanisms for python"
category = "dev"
optional = false
python-versions = ">=3.6"

[package.extras]
dev = ["pre-commit", "tox"]
testing = ["pytest", "pytest-benchmark"]

[[package]]
name = "pycodestyle"
version = "2.7.0"
description = "Python style guide checker"
category = "dev"
optional = false
python-versions = ">=2.7, !=3.0.*, !=3.1.*, !=3.2.*, !=3.3.*"

[[package]]
name = "pyflakes"
version = "2.3.1"
description = "passive checker of Python programs"
category = "dev"
optional = false
python-versions = ">=2.7, !=3.0.*, !=3.1.*, !=3.2.*, !=3.3.*"

[[package]]
name = "python-lsp-jsonrpc"
version = "1.0.0"
description = "JSON RPC 2.0 server library"
category = "dev"
optional = false
python-versions = "*"

[package.dependencies]
ujson = ">=3.0.0"

[package.extras]
test = ["pylint", "pycodestyle", "pyflakes", "pytest", "pytest-cov", "coverage"]

[[package]]
name = "python-lsp-server"
version = "1.2.1"
description = "Python Language Server for the Language Server Protocol"
category = "dev"
optional = false
python-versions = ">=3.6"

[package.dependencies]
flake8 = {version = ">=3.8.0", optional = true, markers = "extra == \"flake8\""}
jedi = ">=0.17.2,<0.19.0"
pluggy = "*"
pycodestyle = {version = ">=2.7.0", optional = true, markers = "extra == \"pycodestyle\""}
python-lsp-jsonrpc = ">=1.0.0"
rope = {version = ">0.10.5", optional = true, markers = "extra == \"rope\""}
ujson = ">=3.0.0"
yapf = {version = "*", optional = true, markers = "extra == \"yapf\""}

[package.extras]
all = ["autopep8", "flake8 (>=3.8.0)", "mccabe (>=0.6.0,<0.7.0)", "pycodestyle (>=2.7.0)", "pydocstyle (>=2.0.0)", "pyflakes (>=2.3.0,<2.4.0)", "pylint (>=2.5.0)", "rope (>=0.10.5)", "yapf"]
autopep8 = ["autopep8"]
flake8 = ["flake8 (>=3.8.0)"]
mccabe = ["mccabe (>=0.6.0,<0.7.0)"]
pycodestyle = ["pycodestyle (>=2.7.0)"]
pydocstyle = ["pydocstyle (>=2.0.0)"]
pyflakes = ["pyflakes (>=2.3.0,<2.4.0)"]
pylint = ["pylint (>=2.5.0)"]
rope = ["rope (>0.10.5)"]
test = ["pylint (>=2.5.0)", "pytest", "pytest-cov", "coverage", "numpy", "pandas", "matplotlib", "pyqt5", "flaky"]
yapf = ["yapf"]

[[package]]
name = "rope"
version = "0.19.0"
description = "a python refactoring library..."
category = "dev"
optional = false
python-versions = "*"

[package.extras]
dev = ["pytest"]

[[package]]
name = "ujson"
version = "4.1.0"
description = "Ultra fast JSON encoder and decoder for Python"
category = "dev"
optional = false
python-versions = ">=3.6"

[[package]]
name = "wcwidth"
version = "0.2.5"
description = "Measures the displayed width of unicode strings in a terminal"
category = "main"
optional = false
python-versions = "*"

[[package]]
name = "yapf"
version = "0.31.0"
description = "A formatter for Python code."
category = "dev"
optional = false
python-versions = "*"

[metadata]
lock-version = "1.1"
python-versions = "^3.9"
content-hash = "4f7bf1046930c128bf5e9797f5ebc68eab371cfb55aed418f2e88c74d81010cc"

[metadata.files]
flake8 = [
    {file = "flake8-3.9.2-py2.py3-none-any.whl", hash = "sha256:bf8fd333346d844f616e8d47905ef3a3384edae6b4e9beb0c5101e25e3110907"},
    {file = "flake8-3.9.2.tar.gz", hash = "sha256:07528381786f2a6237b061f6e96610a4167b226cb926e2aa2b6b1d78057c576b"},
]
isort = [
    {file = "isort-5.9.3-py3-none-any.whl", hash = "sha256:e17d6e2b81095c9db0a03a8025a957f334d6ea30b26f9ec70805411e5c7c81f2"},
    {file = "isort-5.9.3.tar.gz", hash = "sha256:9c2ea1e62d871267b78307fe511c0838ba0da28698c5732d54e2790bf3ba9899"},
]
jedi = [
    {file = "jedi-0.18.0-py2.py3-none-any.whl", hash = "sha256:18456d83f65f400ab0c2d3319e48520420ef43b23a086fdc05dff34132f0fb93"},
    {file = "jedi-0.18.0.tar.gz", hash = "sha256:92550a404bad8afed881a137ec9a461fed49eca661414be45059329614ed0707"},
]
mccabe = [
    {file = "mccabe-0.6.1-py2.py3-none-any.whl", hash = "sha256:ab8a6258860da4b6677da4bd2fe5dc2c659cff31b3ee4f7f5d64e79735b80d42"},
    {file = "mccabe-0.6.1.tar.gz", hash = "sha256:dd8d182285a0fe56bace7f45b5e7d1a6ebcbf524e8f3bd87eb0f125271b8831f"},
]
parso = [
    {file = "parso-0.8.2-py2.py3-none-any.whl", hash = "sha256:a8c4922db71e4fdb90e0d0bc6e50f9b273d3397925e5e60a717e719201778d22"},
    {file = "parso-0.8.2.tar.gz", hash = "sha256:12b83492c6239ce32ff5eed6d3639d6a536170723c6f3f1506869f1ace413398"},
]
pluggy = [
    {file = "pluggy-1.0.0-py2.py3-none-any.whl", hash = "sha256:74134bbf457f031a36d68416e1509f34bd5ccc019f0bcc952c7b909d06b37bd3"},
    {file = "pluggy-1.0.0.tar.gz", hash = "sha256:4224373bacce55f955a878bf9cfa763c1e360858e330072059e10bad68531159"},
]
pycodestyle = [
    {file = "pycodestyle-2.7.0-py2.py3-none-any.whl", hash = "sha256:514f76d918fcc0b55c6680472f0a37970994e07bbb80725808c17089be302068"},
    {file = "pycodestyle-2.7.0.tar.gz", hash = "sha256:c389c1d06bf7904078ca03399a4816f974a1d590090fecea0c63ec26ebaf1cef"},
]
pyflakes = [
    {file = "pyflakes-2.3.1-py2.py3-none-any.whl", hash = "sha256:7893783d01b8a89811dd72d7dfd4d84ff098e5eed95cfa8905b22bbffe52efc3"},
    {file = "pyflakes-2.3.1.tar.gz", hash = "sha256:f5bc8ecabc05bb9d291eb5203d6810b49040f6ff446a756326104746cc00c1db"},
]
python-lsp-jsonrpc = [
    {file = "python-lsp-jsonrpc-1.0.0.tar.gz", hash = "sha256:7bec170733db628d3506ea3a5288ff76aa33c70215ed223abdb0d95e957660bd"},
    {file = "python_lsp_jsonrpc-1.0.0-py3-none-any.whl", hash = "sha256:079b143be64b0a378bdb21dff5e28a8c1393fe7e8a654ef068322d754e545fc7"},
]
python-lsp-server = [
    {file = "python-lsp-server-1.2.1.tar.gz", hash = "sha256:fe10b8f1ef7cd4f5b4aafcb5e29a2bbd454459442d434bbe1af97d2f3a94f55c"},
    {file = "python_lsp_server-1.2.1-py3-none-any.whl", hash = "sha256:587f2bcc2e3821cb608f90864f06d1cac77fba2ed93a8dcbfeef87fe1cea656a"},
]
rope = [
    {file = "rope-0.19.0.tar.gz", hash = "sha256:64e6d747532e1f5c8009ec5aae3e5523a5bcedf516f39a750d57d8ed749d90da"},
]
ujson = [
    {file = "ujson-4.1.0-cp36-cp36m-macosx_10_14_x86_64.whl", hash = "sha256:148680f2bc6e52f71c56908b65f59b36a13611ac2f75a86f2cb2bce2b2c2588c"},
    {file = "ujson-4.1.0-cp36-cp36m-manylinux_2_17_aarch64.manylinux2014_aarch64.whl", hash = "sha256:d1c2fb32976982e4e75ca0843a1e7b2254b8c5d8c45d979ebf2db29305b4fa31"},
    {file = "ujson-4.1.0-cp36-cp36m-manylinux_2_5_i686.manylinux1_i686.whl", hash = "sha256:971d4b450e689bfec8ad6b22060fb9b9bec1e0860dbdf0fa7cfe4068adbc5f58"},
    {file = "ujson-4.1.0-cp36-cp36m-manylinux_2_5_x86_64.manylinux1_x86_64.whl", hash = "sha256:f453480b275192ae40ef350a4e8288977f00b02e504ed34245ebd12d633620cb"},
    {file = "ujson-4.1.0-cp36-cp36m-win_amd64.whl", hash = "sha256:f135db442e5470d9065536745968efc42a60233311c8509b9327bcd59a8821c7"},
    {file = "ujson-4.1.0-cp37-cp37m-macosx_10_14_x86_64.whl", hash = "sha256:2251fc9395ba4498cbdc48136a179b8f20914fa8b815aa9453b20b48ad120f43"},
    {file = "ujson-4.1.0-cp37-cp37m-manylinux_2_17_aarch64.manylinux2014_aarch64.whl", hash = "sha256:9005d0d952d0c1b3dff5cdb79df2bde35a3499e2de3f708a22c45bbb4089a1f6"},
    {file = "ujson-4.1.0-cp37-cp37m-manylinux_2_5_i686.manylinux1_i686.whl", hash = "sha256:117855246a9ea3f61f3b69e5ca1b1d11d622b3126f50a0ec08b577cb5c87e56e"},
    {file = "ujson-4.1.0-cp37-cp37m-manylinux_2_5_x86_64.manylinux1_x86_64.whl", hash = "sha256:989bed422e7e20c7ba740a4e1bbeb28b3b6324e04f023ea238a2e5449fc53668"},
    {file = "ujson-4.1.0-cp37-cp37m-win_amd64.whl", hash = "sha256:44993136fd2ecade747b6db95917e4f015a3279e09a08113f70cbbd0d241e66a"},
    {file = "ujson-4.1.0-cp38-cp38-macosx_10_14_x86_64.whl", hash = "sha256:9e962df227fd1d851ff095382a9f8432c2470c3ee640f02ae14231dc5728e6f3"},
    {file = "ujson-4.1.0-cp38-cp38-manylinux_2_17_aarch64.manylinux2014_aarch64.whl", hash = "sha256:be6013cda610c5149fb80a84ee815b210aa2e7fe4edf1d2bce42c02336715208"},
    {file = "ujson-4.1.0-cp38-cp38-manylinux_2_5_i686.manylinux1_i686.whl", hash = "sha256:41b7e5422184249b5b94d1571206f76e5d91e8d721ce51abe341a88f41dd6692"},
    {file = "ujson-4.1.0-cp38-cp38-manylinux_2_5_x86_64.manylinux1_x86_64.whl", hash = "sha256:807bb0585f30a650ec981669827721ed3ee1ee24f2c6f333a64982a40eb66b82"},
    {file = "ujson-4.1.0-cp38-cp38-win_amd64.whl", hash = "sha256:d2955dd5cce0e76ba56786d647aaedca2cebb75eda9f0ec1787110c3646751a8"},
    {file = "ujson-4.1.0-cp39-cp39-macosx_10_14_x86_64.whl", hash = "sha256:a873c93d43f9bd14d9e9a6d2c6eb7aae4aad9717fe40c748d0cd4b6ed7767c62"},
    {file = "ujson-4.1.0-cp39-cp39-manylinux_2_17_aarch64.manylinux2014_aarch64.whl", hash = "sha256:8e8fe9bbeca130debb10eea7910433a0714c8efc057fad36353feccb87c1d07f"},
    {file = "ujson-4.1.0-cp39-cp39-manylinux_2_5_i686.manylinux1_i686.whl", hash = "sha256:81a49dbf176ae041fc86d2da564f5b9b46faf657306035632da56ecfd7203193"},
    {file = "ujson-4.1.0-cp39-cp39-manylinux_2_5_x86_64.manylinux1_x86_64.whl", hash = "sha256:1fb2455e62f20ab4a6d49f78b5dc4ff99c72fdab9466e761120e9757fa35f4d7"},
    {file = "ujson-4.1.0-cp39-cp39-win_amd64.whl", hash = "sha256:44db30b8fc52e70a6f67def11804f74818addafef0a65cd7f0abb98b7830920f"},
    {file = "ujson-4.1.0.tar.gz", hash = "sha256:22b63ec4409f0d2f2c4c9d5aa331997e02470b7a15a3233f3cc32f2f9b92d58c"},
]
wcwidth = [
    {file = "wcwidth-0.2.5-py2.py3-none-any.whl", hash = "sha256:beb4802a9cebb9144e99086eff703a642a13d6a0052920003a230f3294bbe784"},
    {file = "wcwidth-0.2.5.tar.gz", hash = "sha256:c4d647b99872929fdb7bdcaa4fbe7f01413ed3d98077df798530e5b04f116c83"},
]
yapf = [
    {file = "yapf-0.31.0-py2.py3-none-any.whl", hash = "sha256:e3a234ba8455fe201eaa649cdac872d590089a18b661e39bbac7020978dd9c2e"},
    {file = "yapf-0.31.0.tar.gz", hash = "sha256:408fb9a2b254c302f49db83c59f9aa0b4b0fd0ec25be3a5c51181327922ff63d"},
]
